# THIS IS AN AUTOGENERATED FILE. DO NOT EDIT THIS FILE DIRECTLY.
# yarn lockfile v1


"@destinationstransfers/ntp@^2.0.0":
  version "2.0.0"
  resolved "https://registry.yarnpkg.com/@destinationstransfers/ntp/-/ntp-2.0.0.tgz#b3efa47f99287309754356aefd28029325c859fa"

ntp-client@^0.5.3:
  version "0.5.3"
  resolved "https://registry.yarnpkg.com/ntp-client/-/ntp-client-0.5.3.tgz#03c0c8da67e3f4997da083d4682dcce0d9208a35"
